// !$*UTF8*$!
{
	archiveVersion = 1;
	classes = {
	};
	objectVersion = 50;
	objects = {

/* Begin PBXBuildFile section */
		6320C42D22A7B29200D81EA8 /* AppDelegate.m in Sources */ = {isa = PBXBuildFile; fileRef = 6320C42C22A7B29200D81EA8 /* AppDelegate.m */; };
		6320C43022A7B29200D81EA8 /* JGBannerViewController.m in Sources */ = {isa = PBXBuildFile; fileRef = 6320C42F22A7B29200D81EA8 /* JGBannerViewController.m */; };
		6320C43322A7B29200D81EA8 /* Main.storyboard in Resources */ = {isa = PBXBuildFile; fileRef = 6320C43122A7B29200D81EA8 /* Main.storyboard */; };
		6320C43522A7B29500D81EA8 /* Assets.xcassets in Resources */ = {isa = PBXBuildFile; fileRef = 6320C43422A7B29500D81EA8 /* Assets.xcassets */; };
		6320C43822A7B29500D81EA8 /* LaunchScreen.storyboard in Resources */ = {isa = PBXBuildFile; fileRef = 6320C43622A7B29500D81EA8 /* LaunchScreen.storyboard */; };
		6320C43B22A7B29500D81EA8 /* main.m in Sources */ = {isa = PBXBuildFile; fileRef = 6320C43A22A7B29500D81EA8 /* main.m */; };
		6320C44522A7B29500D81EA8 /* UICollectionDemoTests.m in Sources */ = {isa = PBXBuildFile; fileRef = 6320C44422A7B29500D81EA8 /* UICollectionDemoTests.m */; };
		6320C45022A7B29500D81EA8 /* UICollectionDemoUITests.m in Sources */ = {isa = PBXBuildFile; fileRef = 6320C44F22A7B29500D81EA8 /* UICollectionDemoUITests.m */; };
		6320C45F22A7B3DE00D81EA8 /* JGCollectionViewCell.m in Sources */ = {isa = PBXBuildFile; fileRef = 6320C45E22A7B3DE00D81EA8 /* JGCollectionViewCell.m */; };
		6320C46222A7B7DF00D81EA8 /* JGCollectionViewFlowLayout.m in Sources */ = {isa = PBXBuildFile; fileRef = 6320C46122A7B7DF00D81EA8 /* JGCollectionViewFlowLayout.m */; };
		632A1F6C22A89CF80008118D /* JGBannarView.m in Sources */ = {isa = PBXBuildFile; fileRef = 632A1F6B22A89CF80008118D /* JGBannarView.m */; };
		632A1F6F22A8A55C0008118D /* JGCycleCollectionView.m in Sources */ = {isa = PBXBuildFile; fileRef = 632A1F6E22A8A55C0008118D /* JGCycleCollectionView.m */; };
		632A1F7322A8B4970008118D /* JGCardCollectionView.m in Sources */ = {isa = PBXBuildFile; fileRef = 632A1F7222A8B4970008118D /* JGCardCollectionView.m */; };
		632A1F7622A8B6E30008118D /* JGCycleCollectionViewCell.m in Sources */ = {isa = PBXBuildFile; fileRef = 632A1F7522A8B6E30008118D /* JGCycleCollectionViewCell.m */; };
		632A1F7E22A8DEBE0008118D /* JGCustomViewController.m in Sources */ = {isa = PBXBuildFile; fileRef = 632A1F7D22A8DEBE0008118D /* JGCustomViewController.m */; };
		632A1F8222A8E20C0008118D /* JGNormalController.m in Sources */ = {isa = PBXBuildFile; fileRef = 632A1F8122A8E20C0008118D /* JGNormalController.m */; };
		632A1F8522A8E23E0008118D /* JGWaterfallFlowController.m in Sources */ = {isa = PBXBuildFile; fileRef = 632A1F8422A8E23E0008118D /* JGWaterfallFlowController.m */; };
		632A1F8822A8E25B0008118D /* JGRingController.m in Sources */ = {isa = PBXBuildFile; fileRef = 632A1F8722A8E25B0008118D /* JGRingController.m */; };
		632A1F8B22A8E2780008118D /* JGCubeController.m in Sources */ = {isa = PBXBuildFile; fileRef = 632A1F8A22A8E2780008118D /* JGCubeController.m */; };
		632A1F8E22A8E2960008118D /* JGBallController.m in Sources */ = {isa = PBXBuildFile; fileRef = 632A1F8D22A8E2960008118D /* JGBallController.m */; };
		632A1F9122A8E4EF0008118D /* JGWaterfallFlowLayout.m in Sources */ = {isa = PBXBuildFile; fileRef = 632A1F9022A8E4EF0008118D /* JGWaterfallFlowLayout.m */; };
		632A1F9422A8E5010008118D /* JGRingFlowLayout.m in Sources */ = {isa = PBXBuildFile; fileRef = 632A1F9322A8E5010008118D /* JGRingFlowLayout.m */; };
		632A1F9722A8E5130008118D /* JGCubeFlowLayout.m in Sources */ = {isa = PBXBuildFile; fileRef = 632A1F9622A8E5130008118D /* JGCubeFlowLayout.m */; };
		632A1F9A22A8E5280008118D /* JGBallFlowLayout.m in Sources */ = {isa = PBXBuildFile; fileRef = 632A1F9922A8E5280008118D /* JGBallFlowLayout.m */; };
/* End PBXBuildFile section */

/* Begin PBXContainerItemProxy section */
		6320C44122A7B29500D81EA8 /* PBXContainerItemProxy */ = {
			isa = PBXContainerItemProxy;
			containerPortal = 6320C42022A7B29200D81EA8 /* Project object */;
			proxyType = 1;
			remoteGlobalIDString = 6320C42722A7B29200D81EA8;
			remoteInfo = UICollectionDemo;
		};
		6320C44C22A7B29500D81EA8 /* PBXContainerItemProxy */ = {
			isa = PBXContainerItemProxy;
			containerPortal = 6320C42022A7B29200D81EA8 /* Project object */;
			proxyType = 1;
			remoteGlobalIDString = 6320C42722A7B29200D81EA8;
			remoteInfo = UICollectionDemo;
		};
/* End PBXContainerItemProxy section */

/* Begin PBXFileReference section */
		6320C42822A7B29200D81EA8 /* UICollectionDemo.app */ = {isa = PBXFileReference; explicitFileType = wrapper.application; includeInIndex = 0; path = UICollectionDemo.app; sourceTree = BUILT_PRODUCTS_DIR; };
		6320C42B22A7B29200D81EA8 /* AppDelegate.h */ = {isa = PBXFileReference; lastKnownFileType = sourcecode.c.h; path = AppDelegate.h; sourceTree = "<group>"; };
		6320C42C22A7B29200D81EA8 /* AppDelegate.m */ = {isa = PBXFileReference; lastKnownFileType = sourcecode.c.objc; path = AppDelegate.m; sourceTree = "<group>"; };
		6320C42E22A7B29200D81EA8 /* JGBannerViewController.h */ = {isa = PBXFileReference; lastKnownFileType = sourcecode.c.h; path = JGBannerViewController.h; sourceTree = "<group>"; };
		6320C42F22A7B29200D81EA8 /* JGBannerViewController.m */ = {isa = PBXFileReference; lastKnownFileType = sourcecode.c.objc; path = JGBannerViewController.m; sourceTree = "<group>"; };
		6320C43222A7B29200D81EA8 /* Base */ = {isa = PBXFileReference; lastKnownFileType = file.storyboard; name = Base; path = Base.lproj/Main.storyboard; sourceTree = "<group>"; };
		6320C43422A7B29500D81EA8 /* Assets.xcassets */ = {isa = PBXFileReference; lastKnownFileType = folder.assetcatalog; path = Assets.xcassets; sourceTree = "<group>"; };
		6320C43722A7B29500D81EA8 /* Base */ = {isa = PBXFileReference; lastKnownFileType = file.storyboard; name = Base; path = Base.lproj/LaunchScreen.storyboard; sourceTree = "<group>"; };
		6320C43922A7B29500D81EA8 /* Info.plist */ = {isa = PBXFileReference; lastKnownFileType = text.plist.xml; path = Info.plist; sourceTree = "<group>"; };
		6320C43A22A7B29500D81EA8 /* main.m */ = {isa = PBXFileReference; lastKnownFileType = sourcecode.c.objc; path = main.m; sourceTree = "<group>"; };
		6320C44022A7B29500D81EA8 /* UICollectionDemoTests.xctest */ = {isa = PBXFileReference; explicitFileType = wrapper.cfbundle; includeInIndex = 0; path = UICollectionDemoTests.xctest; sourceTree = BUILT_PRODUCTS_DIR; };
		6320C44422A7B29500D81EA8 /* UICollectionDemoTests.m */ = {isa = PBXFileReference; lastKnownFileType = sourcecode.c.objc; path = UICollectionDemoTests.m; sourceTree = "<group>"; };
		6320C44622A7B29500D81EA8 /* Info.plist */ = {isa = PBXFileReference; lastKnownFileType = text.plist.xml; path = Info.plist; sourceTree = "<group>"; };
		6320C44B22A7B29500D81EA8 /* UICollectionDemoUITests.xctest */ = {isa = PBXFileReference; explicitFileType = wrapper.cfbundle; includeInIndex = 0; path = UICollectionDemoUITests.xctest; sourceTree = BUILT_PRODUCTS_DIR; };
		6320C44F22A7B29500D81EA8 /* UICollectionDemoUITests.m */ = {isa = PBXFileReference; lastKnownFileType = sourcecode.c.objc; path = UICollectionDemoUITests.m; sourceTree = "<group>"; };
		6320C45122A7B29500D81EA8 /* Info.plist */ = {isa = PBXFileReference; lastKnownFileType = text.plist.xml; path = Info.plist; sourceTree = "<group>"; };
		6320C45D22A7B3DE00D81EA8 /* JGCollectionViewCell.h */ = {isa = PBXFileReference; lastKnownFileType = sourcecode.c.h; path = JGCollectionViewCell.h; sourceTree = "<group>"; };
		6320C45E22A7B3DE00D81EA8 /* JGCollectionViewCell.m */ = {isa = PBXFileReference; lastKnownFileType = sourcecode.c.objc; path = JGCollectionViewCell.m; sourceTree = "<group>"; };
		6320C46022A7B7DF00D81EA8 /* JGCollectionViewFlowLayout.h */ = {isa = PBXFileReference; lastKnownFileType = sourcecode.c.h; path = JGCollectionViewFlowLayout.h; sourceTree = "<group>"; };
		6320C46122A7B7DF00D81EA8 /* JGCollectionViewFlowLayout.m */ = {isa = PBXFileReference; lastKnownFileType = sourcecode.c.objc; path = JGCollectionViewFlowLayout.m; sourceTree = "<group>"; };
		632A1F6A22A89CF80008118D /* JGBannarView.h */ = {isa = PBXFileReference; fileEncoding = 4; lastKnownFileType = sourcecode.c.h; path = JGBannarView.h; sourceTree = "<group>"; };
		632A1F6B22A89CF80008118D /* JGBannarView.m */ = {isa = PBXFileReference; fileEncoding = 4; lastKnownFileType = sourcecode.c.objc; path = JGBannarView.m; sourceTree = "<group>"; };
		632A1F6D22A8A55C0008118D /* JGCycleCollectionView.h */ = {isa = PBXFileReference; lastKnownFileType = sourcecode.c.h; path = JGCycleCollectionView.h; sourceTree = "<group>"; };
		632A1F6E22A8A55C0008118D /* JGCycleCollectionView.m */ = {isa = PBXFileReference; lastKnownFileType = sourcecode.c.objc; path = JGCycleCollectionView.m; sourceTree = "<group>"; };
		632A1F7122A8B4970008118D /* JGCardCollectionView.h */ = {isa = PBXFileReference; lastKnownFileType = sourcecode.c.h; path = JGCardCollectionView.h; sourceTree = "<group>"; };
		632A1F7222A8B4970008118D /* JGCardCollectionView.m */ = {isa = PBXFileReference; lastKnownFileType = sourcecode.c.objc; path = JGCardCollectionView.m; sourceTree = "<group>"; };
		632A1F7422A8B6E30008118D /* JGCycleCollectionViewCell.h */ = {isa = PBXFileReference; lastKnownFileType = sourcecode.c.h; path = JGCycleCollectionViewCell.h; sourceTree = "<group>"; };
		632A1F7522A8B6E30008118D /* JGCycleCollectionViewCell.m */ = {isa = PBXFileReference; lastKnownFileType = sourcecode.c.objc; path = JGCycleCollectionViewCell.m; sourceTree = "<group>"; };
		632A1F7C22A8DEBE0008118D /* JGCustomViewController.h */ = {isa = PBXFileReference; lastKnownFileType = sourcecode.c.h; path = JGCustomViewController.h; sourceTree = "<group>"; };
		632A1F7D22A8DEBE0008118D /* JGCustomViewController.m */ = {isa = PBXFileReference; lastKnownFileType = sourcecode.c.objc; path = JGCustomViewController.m; sourceTree = "<group>"; };
		632A1F8022A8E20C0008118D /* JGNormalController.h */ = {isa = PBXFileReference; lastKnownFileType = sourcecode.c.h; path = JGNormalController.h; sourceTree = "<group>"; };
		632A1F8122A8E20C0008118D /* JGNormalController.m */ = {isa = PBXFileReference; lastKnownFileType = sourcecode.c.objc; path = JGNormalController.m; sourceTree = "<group>"; };
		632A1F8322A8E23E0008118D /* JGWaterfallFlowController.h */ = {isa = PBXFileReference; lastKnownFileType = sourcecode.c.h; path = JGWaterfallFlowController.h; sourceTree = "<group>"; };
		632A1F8422A8E23E0008118D /* JGWaterfallFlowController.m */ = {isa = PBXFileReference; lastKnownFileType = sourcecode.c.objc; path = JGWaterfallFlowController.m; sourceTree = "<group>"; };
		632A1F8622A8E25B0008118D /* JGRingController.h */ = {isa = PBXFileReference; lastKnownFileType = sourcecode.c.h; path = JGRingController.h; sourceTree = "<group>"; };
		632A1F8722A8E25B0008118D /* JGRingController.m */ = {isa = PBXFileReference; lastKnownFileType = sourcecode.c.objc; path = JGRingController.m; sourceTree = "<group>"; };
		632A1F8922A8E2780008118D /* JGCubeController.h */ = {isa = PBXFileReference; lastKnownFileType = sourcecode.c.h; path = JGCubeController.h; sourceTree = "<group>"; };
		632A1F8A22A8E2780008118D /* JGCubeController.m */ = {isa = PBXFileReference; lastKnownFileType = sourcecode.c.objc; path = JGCubeController.m; sourceTree = "<group>"; };
		632A1F8C22A8E2960008118D /* JGBallController.h */ = {isa = PBXFileReference; lastKnownFileType = sourcecode.c.h; path = JGBallController.h; sourceTree = "<group>"; };
		632A1F8D22A8E2960008118D /* JGBallController.m */ = {isa = PBXFileReference; lastKnownFileType = sourcecode.c.objc; path = JGBallController.m; sourceTree = "<group>"; };
		632A1F8F22A8E4EF0008118D /* JGWaterfallFlowLayout.h */ = {isa = PBXFileReference; lastKnownFileType = sourcecode.c.h; path = JGWaterfallFlowLayout.h; sourceTree = "<group>"; };
		632A1F9022A8E4EF0008118D /* JGWaterfallFlowLayout.m */ = {isa = PBXFileReference; lastKnownFileType = sourcecode.c.objc; path = JGWaterfallFlowLayout.m; sourceTree = "<group>"; };
		632A1F9222A8E5010008118D /* JGRingFlowLayout.h */ = {isa = PBXFileReference; lastKnownFileType = sourcecode.c.h; path = JGRingFlowLayout.h; sourceTree = "<group>"; };
		632A1F9322A8E5010008118D /* JGRingFlowLayout.m */ = {isa = PBXFileReference; lastKnownFileType = sourcecode.c.objc; path = JGRingFlowLayout.m; sourceTree = "<group>"; };
		632A1F9522A8E5130008118D /* JGCubeFlowLayout.h */ = {isa = PBXFileReference; lastKnownFileType = sourcecode.c.h; path = JGCubeFlowLayout.h; sourceTree = "<group>"; };
		632A1F9622A8E5130008118D /* JGCubeFlowLayout.m */ = {isa = PBXFileReference; lastKnownFileType = sourcecode.c.objc; path = JGCubeFlowLayout.m; sourceTree = "<group>"; };
		632A1F9822A8E5280008118D /* JGBallFlowLayout.h */ = {isa = PBXFileReference; lastKnownFileType = sourcecode.c.h; path = JGBallFlowLayout.h; sourceTree = "<group>"; };
		632A1F9922A8E5280008118D /* JGBallFlowLayout.m */ = {isa = PBXFileReference; lastKnownFileType = sourcecode.c.objc; path = JGBallFlowLayout.m; sourceTree = "<group>"; };
/* End PBXFileReference section */

/* Begin PBXFrameworksBuildPhase section */
		6320C42522A7B29200D81EA8 /* Frameworks */ = {
			isa = PBXFrameworksBuildPhase;
			buildActionMask = 2147483647;
			files = (
			);
			runOnlyForDeploymentPostprocessing = 0;
		};
		6320C43D22A7B29500D81EA8 /* Frameworks */ = {
			isa = PBXFrameworksBuildPhase;
			buildActionMask = 2147483647;
			files = (
			);
			runOnlyForDeploymentPostprocessing = 0;
		};
		6320C44822A7B29500D81EA8 /* Frameworks */ = {
			isa = PBXFrameworksBuildPhase;
			buildActionMask = 2147483647;
			files = (
			);
			runOnlyForDeploymentPostprocessing = 0;
		};
/* End PBXFrameworksBuildPhase section */

/* Begin PBXGroup section */
		6320C41F22A7B29200D81EA8 = {
			isa = PBXGroup;
			children = (
				6320C42A22A7B29200D81EA8 /* UICollectionDemo */,
				6320C44322A7B29500D81EA8 /* UICollectionDemoTests */,
				6320C44E22A7B29500D81EA8 /* UICollectionDemoUITests */,
				6320C42922A7B29200D81EA8 /* Products */,
			);
			sourceTree = "<group>";
		};
		6320C42922A7B29200D81EA8 /* Products */ = {
			isa = PBXGroup;
			children = (
				6320C42822A7B29200D81EA8 /* UICollectionDemo.app */,
				6320C44022A7B29500D81EA8 /* UICollectionDemoTests.xctest */,
				6320C44B22A7B29500D81EA8 /* UICollectionDemoUITests.xctest */,
			);
			name = Products;
			sourceTree = "<group>";
		};
		6320C42A22A7B29200D81EA8 /* UICollectionDemo */ = {
			isa = PBXGroup;
			children = (
				632A1F7B22A8DE7F0008118D /* Apps */,
				632A1F7022A8A56F0008118D /* Banner */,
				632A1F7F22A8DFF70008118D /* Custom */,
				632A1F7A22A8DE720008118D /* SupportingFiles */,
			);
			path = UICollectionDemo;
			sourceTree = "<group>";
		};
		6320C44322A7B29500D81EA8 /* UICollectionDemoTests */ = {
			isa = PBXGroup;
			children = (
				6320C44422A7B29500D81EA8 /* UICollectionDemoTests.m */,
				6320C44622A7B29500D81EA8 /* Info.plist */,
			);
			path = UICollectionDemoTests;
			sourceTree = "<group>";
		};
		6320C44E22A7B29500D81EA8 /* UICollectionDemoUITests */ = {
			isa = PBXGroup;
			children = (
				6320C44F22A7B29500D81EA8 /* UICollectionDemoUITests.m */,
				6320C45122A7B29500D81EA8 /* Info.plist */,
			);
			path = UICollectionDemoUITests;
			sourceTree = "<group>";
		};
		632A1F7022A8A56F0008118D /* Banner */ = {
			isa = PBXGroup;
			children = (
				6320C42E22A7B29200D81EA8 /* JGBannerViewController.h */,
				6320C42F22A7B29200D81EA8 /* JGBannerViewController.m */,
				632A1F7722A8B8050008118D /* 1 */,
				632A1F7822A8B80C0008118D /* 2 */,
				632A1F7922A8B8100008118D /* 3 */,
			);
			path = Banner;
			sourceTree = "<group>";
		};
		632A1F7722A8B8050008118D /* 1 */ = {
			isa = PBXGroup;
			children = (
				632A1F6A22A89CF80008118D /* JGBannarView.h */,
				632A1F6B22A89CF80008118D /* JGBannarView.m */,
			);
			path = 1;
			sourceTree = "<group>";
		};
		632A1F7822A8B80C0008118D /* 2 */ = {
			isa = PBXGroup;
			children = (
				632A1F6D22A8A55C0008118D /* JGCycleCollectionView.h */,
				632A1F6E22A8A55C0008118D /* JGCycleCollectionView.m */,
				632A1F7422A8B6E30008118D /* JGCycleCollectionViewCell.h */,
				632A1F7522A8B6E30008118D /* JGCycleCollectionViewCell.m */,
			);
			path = 2;
			sourceTree = "<group>";
		};
		632A1F7922A8B8100008118D /* 3 */ = {
			isa = PBXGroup;
			children = (
				632A1F7122A8B4970008118D /* JGCardCollectionView.h */,
				632A1F7222A8B4970008118D /* JGCardCollectionView.m */,
				6320C45D22A7B3DE00D81EA8 /* JGCollectionViewCell.h */,
				6320C45E22A7B3DE00D81EA8 /* JGCollectionViewCell.m */,
				6320C46022A7B7DF00D81EA8 /* JGCollectionViewFlowLayout.h */,
				6320C46122A7B7DF00D81EA8 /* JGCollectionViewFlowLayout.m */,
			);
			path = 3;
			sourceTree = "<group>";
		};
		632A1F7A22A8DE720008118D /* SupportingFiles */ = {
			isa = PBXGroup;
			children = (
				6320C43122A7B29200D81EA8 /* Main.storyboard */,
				6320C43422A7B29500D81EA8 /* Assets.xcassets */,
				6320C43622A7B29500D81EA8 /* LaunchScreen.storyboard */,
				6320C43922A7B29500D81EA8 /* Info.plist */,
				6320C43A22A7B29500D81EA8 /* main.m */,
			);
			name = SupportingFiles;
			sourceTree = "<group>";
		};
		632A1F7B22A8DE7F0008118D /* Apps */ = {
			isa = PBXGroup;
			children = (
				6320C42B22A7B29200D81EA8 /* AppDelegate.h */,
				6320C42C22A7B29200D81EA8 /* AppDelegate.m */,
			);
			path = Apps;
			sourceTree = "<group>";
		};
		632A1F7F22A8DFF70008118D /* Custom */ = {
			isa = PBXGroup;
			children = (
				632A1F7C22A8DEBE0008118D /* JGCustomViewController.h */,
				632A1F7D22A8DEBE0008118D /* JGCustomViewController.m */,
				632A1F8022A8E20C0008118D /* JGNormalController.h */,
				632A1F8122A8E20C0008118D /* JGNormalController.m */,
				632A1F8F22A8E4EF0008118D /* JGWaterfallFlowLayout.h */,
				632A1F9022A8E4EF0008118D /* JGWaterfallFlowLayout.m */,
				632A1F8322A8E23E0008118D /* JGWaterfallFlowController.h */,
				632A1F8422A8E23E0008118D /* JGWaterfallFlowController.m */,
				632A1F9222A8E5010008118D /* JGRingFlowLayout.h */,
				632A1F9322A8E5010008118D /* JGRingFlowLayout.m */,
				632A1F8622A8E25B0008118D /* JGRingController.h */,
				632A1F8722A8E25B0008118D /* JGRingController.m */,
				632A1F9522A8E5130008118D /* JGCubeFlowLayout.h */,
				632A1F9622A8E5130008118D /* JGCubeFlowLayout.m */,
				632A1F8922A8E2780008118D /* JGCubeController.h */,
				632A1F8A22A8E2780008118D /* JGCubeController.m */,
				632A1F9822A8E5280008118D /* JGBallFlowLayout.h */,
				632A1F9922A8E5280008118D /* JGBallFlowLayout.m */,
				632A1F8C22A8E2960008118D /* JGBallController.h */,
				632A1F8D22A8E2960008118D /* JGBallController.m */,
			);
			path = Custom;
			sourceTree = "<group>";
		};
/* End PBXGroup section */

/* Begin PBXNativeTarget section */
		6320C42722A7B29200D81EA8 /* UICollectionDemo */ = {
			isa = PBXNativeTarget;
			buildConfigurationList = 6320C45422A7B29500D81EA8 /* Build configuration list for PBXNativeTarget "UICollectionDemo" */;
			buildPhases = (
				6320C42422A7B29200D81EA8 /* Sources */,
				6320C42522A7B29200D81EA8 /* Frameworks */,
				6320C42622A7B29200D81EA8 /* Resources */,
			);
			buildRules = (
			);
			dependencies = (
			);
			name = UICollectionDemo;
			productName = UICollectionDemo;
			productReference = 6320C42822A7B29200D81EA8 /* UICollectionDemo.app */;
			productType = "com.apple.product-type.application";
		};
		6320C43F22A7B29500D81EA8 /* UICollectionDemoTests */ = {
			isa = PBXNativeTarget;
			buildConfigurationList = 6320C45722A7B29500D81EA8 /* Build configuration list for PBXNativeTarget "UICollectionDemoTests" */;
			buildPhases = (
				6320C43C22A7B29500D81EA8 /* Sources */,
				6320C43D22A7B29500D81EA8 /* Frameworks */,
				6320C43E22A7B29500D81EA8 /* Resources */,
			);
			buildRules = (
			);
			dependencies = (
				6320C44222A7B29500D81EA8 /* PBXTargetDependency */,
			);
			name = UICollectionDemoTests;
			productName = UICollectionDemoTests;
			productReference = 6320C44022A7B29500D81EA8 /* UICollectionDemoTests.xctest */;
			productType = "com.apple.product-type.bundle.unit-test";
		};
		6320C44A22A7B29500D81EA8 /* UICollectionDemoUITests */ = {
			isa = PBXNativeTarget;
			buildConfigurationList = 6320C45A22A7B29500D81EA8 /* Build configuration list for PBXNativeTarget "UICollectionDemoUITests" */;
			buildPhases = (
				6320C44722A7B29500D81EA8 /* Sources */,
				6320C44822A7B29500D81EA8 /* Frameworks */,
				6320C44922A7B29500D81EA8 /* Resources */,
			);
			buildRules = (
			);
			dependencies = (
				6320C44D22A7B29500D81EA8 /* PBXTargetDependency */,
			);
			name = UICollectionDemoUITests;
			productName = UICollectionDemoUITests;
			productReference = 6320C44B22A7B29500D81EA8 /* UICollectionDemoUITests.xctest */;
			productType = "com.apple.product-type.bundle.ui-testing";
		};
/* End PBXNativeTarget section */

/* Begin PBXProject section */
		6320C42022A7B29200D81EA8 /* Project object */ = {
			isa = PBXProject;
			attributes = {
				CLASSPREFIX = JG;
				LastUpgradeCheck = 1010;
				ORGANIZATIONNAME = JG;
				TargetAttributes = {
					6320C42722A7B29200D81EA8 = {
						CreatedOnToolsVersion = 10.1;
					};
					6320C43F22A7B29500D81EA8 = {
						CreatedOnToolsVersion = 10.1;
						TestTargetID = 6320C42722A7B29200D81EA8;
					};
					6320C44A22A7B29500D81EA8 = {
						CreatedOnToolsVersion = 10.1;
						TestTargetID = 6320C42722A7B29200D81EA8;
					};
				};
			};
			buildConfigurationList = 6320C42322A7B29200D81EA8 /* Build configuration list for PBXProject "UICollectionDemo" */;
			compatibilityVersion = "Xcode 9.3";
			developmentRegion = en;
			hasScannedForEncodings = 0;
			knownRegions = (
				en,
				Base,
			);
			mainGroup = 6320C41F22A7B29200D81EA8;
			productRefGroup = 6320C42922A7B29200D81EA8 /* Products */;
			projectDirPath = "";
			projectRoot = "";
			targets = (
				6320C42722A7B29200D81EA8 /* UICollectionDemo */,
				6320C43F22A7B29500D81EA8 /* UICollectionDemoTests */,
				6320C44A22A7B29500D81EA8 /* UICollectionDemoUITests */,
			);
		};
/* End PBXProject section */

/* Begin PBXResourcesBuildPhase section */
		6320C42622A7B29200D81EA8 /* Resources */ = {
			isa = PBXResourcesBuildPhase;
			buildActionMask = 2147483647;
			files = (
				6320C43822A7B29500D81EA8 /* LaunchScreen.storyboard in Resources */,
				6320C43522A7B29500D81EA8 /* Assets.xcassets in Resources */,
				6320C43322A7B29200D81EA8 /* Main.storyboard in Resources */,
			);
			runOnlyForDeploymentPostprocessing = 0;
		};
		6320C43E22A7B29500D81EA8 /* Resources */ = {
			isa = PBXResourcesBuildPhase;
			buildActionMask = 2147483647;
			files = (
			);
			runOnlyForDeploymentPostprocessing = 0;
		};
		6320C44922A7B29500D81EA8 /* Resources */ = {
			isa = PBXResourcesBuildPhase;
			buildActionMask = 2147483647;
			files = (
			);
			runOnlyForDeploymentPostprocessing = 0;
		};
/* End PBXResourcesBuildPhase section */

/* Begin PBXSourcesBuildPhase section */
		6320C42422A7B29200D81EA8 /* Sources */ = {
			isa = PBXSourcesBuildPhase;
			buildActionMask = 2147483647;
			files = (
				6320C46222A7B7DF00D81EA8 /* JGCollectionViewFlowLayout.m in Sources */,
				632A1F6F22A8A55C0008118D /* JGCycleCollectionView.m in Sources */,
				632A1F7E22A8DEBE0008118D /* JGCustomViewController.m in Sources */,
				632A1F9722A8E5130008118D /* JGCubeFlowLayout.m in Sources */,
				632A1F7622A8B6E30008118D /* JGCycleCollectionViewCell.m in Sources */,
				6320C43022A7B29200D81EA8 /* JGBannerViewController.m in Sources */,
				632A1F8B22A8E2780008118D /* JGCubeController.m in Sources */,
				632A1F7322A8B4970008118D /* JGCardCollectionView.m in Sources */,
				632A1F9A22A8E5280008118D /* JGBallFlowLayout.m in Sources */,
				6320C45F22A7B3DE00D81EA8 /* JGCollectionViewCell.m in Sources */,
				6320C43B22A7B29500D81EA8 /* main.m in Sources */,
				6320C42D22A7B29200D81EA8 /* AppDelegate.m in Sources */,
				632A1F8822A8E25B0008118D /* JGRingController.m in Sources */,
				632A1F9122A8E4EF0008118D /* JGWaterfallFlowLayout.m in Sources */,
				632A1F8522A8E23E0008118D /* JGWaterfallFlowController.m in Sources */,
				632A1F8E22A8E2960008118D /* JGBallController.m in Sources */,
				632A1F9422A8E5010008118D /* JGRingFlowLayout.m in Sources */,
				632A1F6C22A89CF80008118D /* JGBannarView.m in Sources */,
				632A1F8222A8E20C0008118D /* JGNormalController.m in Sources */,
			);
			runOnlyForDeploymentPostprocessing = 0;
		};
		6320C43C22A7B29500D81EA8 /* Sources */ = {
			isa = PBXSourcesBuildPhase;
			buildActionMask = 2147483647;
			files = (
				6320C44522A7B29500D81EA8 /* UICollectionDemoTests.m in Sources */,
			);
			runOnlyForDeploymentPostprocessing = 0;
		};
		6320C44722A7B29500D81EA8 /* Sources */ = {
			isa = PBXSourcesBuildPhase;
			buildActionMask = 2147483647;
			files = (
				6320C45022A7B29500D81EA8 /* UICollectionDemoUITests.m in Sources */,
			);
			runOnlyForDeploymentPostprocessing = 0;
		};
/* End PBXSourcesBuildPhase section */

/* Begin PBXTargetDependency section */
		6320C44222A7B29500D81EA8 /* PBXTargetDependency */ = {
			isa = PBXTargetDependency;
			target = 6320C42722A7B29200D81EA8 /* UICollectionDemo */;
			targetProxy = 6320C44122A7B29500D81EA8 /* PBXContainerItemProxy */;
		};
		6320C44D22A7B29500D81EA8 /* PBXTargetDependency */ = {
			isa = PBXTargetDependency;
			target = 6320C42722A7B29200D81EA8 /* UICollectionDemo */;
			targetProxy = 6320C44C22A7B29500D81EA8 /* PBXContainerItemProxy */;
		};
/* End PBXTargetDependency section */

/* Begin PBXVariantGroup section */
		6320C43122A7B29200D81EA8 /* Main.storyboard */ = {
			isa = PBXVariantGroup;
			children = (
				6320C43222A7B29200D81EA8 /* Base */,
			);
			name = Main.storyboard;
			sourceTree = "<group>";
		};
		6320C43622A7B29500D81EA8 /* LaunchScreen.storyboard */ = {
			isa = PBXVariantGroup;
			children = (
				6320C43722A7B29500D81EA8 /* Base */,
			);
			name = LaunchScreen.storyboard;
			sourceTree = "<group>";
		};
/* End PBXVariantGroup section */

/* Begin XCBuildConfiguration section */
		6320C45222A7B29500D81EA8 /* Debug */ = {
			isa = XCBuildConfiguration;
			buildSettings = {
				ALWAYS_SEARCH_USER_PATHS = NO;
				CLANG_ANALYZER_NONNULL = YES;
				CLANG_ANALYZER_NUMBER_OBJECT_CONVERSION = YES_AGGRESSIVE;
				CLANG_CXX_LANGUAGE_STANDARD = "gnu++14";
				CLANG_CXX_LIBRARY = "libc++";
				CLANG_ENABLE_MODULES = YES;
				CLANG_ENABLE_OBJC_ARC = YES;
				CLANG_ENABLE_OBJC_WEAK = YES;
				CLANG_WARN_BLOCK_CAPTURE_AUTORELEASING = YES;
				CLANG_WARN_BOOL_CONVERSION = YES;
				CLANG_WARN_COMMA = YES;
				CLANG_WARN_CONSTANT_CONVERSION = YES;
				CLANG_WARN_DEPRECATED_OBJC_IMPLEMENTATIONS = YES;
				CLANG_WARN_DIRECT_OBJC_ISA_USAGE = YES_ERROR;
				CLANG_WARN_DOCUMENTATION_COMMENTS = YES;
				CLANG_WARN_EMPTY_BODY = YES;
				CLANG_WARN_ENUM_CONVERSION = YES;
				CLANG_WARN_INFINITE_RECURSION = YES;
				CLANG_WARN_INT_CONVERSION = YES;
				CLANG_WARN_NON_LITERAL_NULL_CONVERSION = YES;
				CLANG_WARN_OBJC_IMPLICIT_RETAIN_SELF = YES;
				CLANG_WARN_OBJC_LITERAL_CONVERSION = YES;
				CLANG_WARN_OBJC_ROOT_CLASS = YES_ERROR;
				CLANG_WARN_RANGE_LOOP_ANALYSIS = YES;
				CLANG_WARN_STRICT_PROTOTYPES = YES;
				CLANG_WARN_SUSPICIOUS_MOVE = YES;
				CLANG_WARN_UNGUARDED_AVAILABILITY = YES_AGGRESSIVE;
				CLANG_WARN_UNREACHABLE_CODE = YES;
				CLANG_WARN__DUPLICATE_METHOD_MATCH = YES;
				CODE_SIGN_IDENTITY = "iPhone Developer";
				COPY_PHASE_STRIP = NO;
				DEBUG_INFORMATION_FORMAT = dwarf;
				ENABLE_STRICT_OBJC_MSGSEND = YES;
				ENABLE_TESTABILITY = YES;
				GCC_C_LANGUAGE_STANDARD = gnu11;
				GCC_DYNAMIC_NO_PIC = NO;
				GCC_NO_COMMON_BLOCKS = YES;
				GCC_OPTIMIZATION_LEVEL = 0;
				GCC_PREPROCESSOR_DEFINITIONS = (
					"DEBUG=1",
					"$(inherited)",
				);
				GCC_WARN_64_TO_32_BIT_CONVERSION = YES;
				GCC_WARN_ABOUT_RETURN_TYPE = YES_ERROR;
				GCC_WARN_UNDECLARED_SELECTOR = YES;
				GCC_WARN_UNINITIALIZED_AUTOS = YES_AGGRESSIVE;
				GCC_WARN_UNUSED_FUNCTION = YES;
				GCC_WARN_UNUSED_VARIABLE = YES;
				IPHONEOS_DEPLOYMENT_TARGET = 12.1;
				MTL_ENABLE_DEBUG_INFO = INCLUDE_SOURCE;
				MTL_FAST_MATH = YES;
				ONLY_ACTIVE_ARCH = YES;
				SDKROOT = iphoneos;
			};
			name = Debug;
		};
		6320C45322A7B29500D81EA8 /* Release */ = {
			isa = XCBuildConfiguration;
			buildSettings = {
				ALWAYS_SEARCH_USER_PATHS = NO;
				CLANG_ANALYZER_NONNULL = YES;
				CLANG_ANALYZER_NUMBER_OBJECT_CONVERSION = YES_AGGRESSIVE;
				CLANG_CXX_LANGUAGE_STANDARD = "gnu++14";
				CLANG_CXX_LIBRARY = "libc++";
				CLANG_ENABLE_MODULES = YES;
				CLANG_ENABLE_OBJC_ARC = YES;
				CLANG_ENABLE_OBJC_WEAK = YES;
				CLANG_WARN_BLOCK_CAPTURE_AUTORELEASING = YES;
				CLANG_WARN_BOOL_CONVERSION = YES;
				CLANG_WARN_COMMA = YES;
				CLANG_WARN_CONSTANT_CONVERSION = YES;
				CLANG_WARN_DEPRECATED_OBJC_IMPLEMENTATIONS = YES;
				CLANG_WARN_DIRECT_OBJC_ISA_USAGE = YES_ERROR;
				CLANG_WARN_DOCUMENTATION_COMMENTS = YES;
				CLANG_WARN_EMPTY_BODY = YES;
				CLANG_WARN_ENUM_CONVERSION = YES;
				CLANG_WARN_INFINITE_RECURSION = YES;
				CLANG_WARN_INT_CONVERSION = YES;
				CLANG_WARN_NON_LITERAL_NULL_CONVERSION = YES;
				CLANG_WARN_OBJC_IMPLICIT_RETAIN_SELF = YES;
				CLANG_WARN_OBJC_LITERAL_CONVERSION = YES;
				CLANG_WARN_OBJC_ROOT_CLASS = YES_ERROR;
				CLANG_WARN_RANGE_LOOP_ANALYSIS = YES;
				CLANG_WARN_STRICT_PROTOTYPES = YES;
				CLANG_WARN_SUSPICIOUS_MOVE = YES;
				CLANG_WARN_UNGUARDED_AVAILABILITY = YES_AGGRESSIVE;
				CLANG_WARN_UNREACHABLE_CODE = YES;
				CLANG_WARN__DUPLICATE_METHOD_MATCH = YES;
				CODE_SIGN_IDENTITY = "iPhone Developer";
				COPY_PHASE_STRIP = NO;
				DEBUG_INFORMATION_FORMAT = "dwarf-with-dsym";
				ENABLE_NS_ASSERTIONS = NO;
				ENABLE_STRICT_OBJC_MSGSEND = YES;
				GCC_C_LANGUAGE_STANDARD = gnu11;
				GCC_NO_COMMON_BLOCKS = YES;
				GCC_WARN_64_TO_32_BIT_CONVERSION = YES;
				GCC_WARN_ABOUT_RETURN_TYPE = YES_ERROR;
				GCC_WARN_UNDECLARED_SELECTOR = YES;
				GCC_WARN_UNINITIALIZED_AUTOS = YES_AGGRESSIVE;
				GCC_WARN_UNUSED_FUNCTION = YES;
				GCC_WARN_UNUSED_VARIABLE = YES;
				IPHONEOS_DEPLOYMENT_TARGET = 12.1;
				MTL_ENABLE_DEBUG_INFO = NO;
				MTL_FAST_MATH = YES;
				SDKROOT = iphoneos;
				VALIDATE_PRODUCT = YES;
			};
			name = Release;
		};
		6320C45522A7B29500D81EA8 /* Debug */ = {
			isa = XCBuildConfiguration;
			buildSettings = {
				ASSETCATALOG_COMPILER_APPICON_NAME = AppIcon;
				CODE_SIGN_STYLE = Automatic;
				INFOPLIST_FILE = UICollectionDemo/Info.plist;
				LD_RUNPATH_SEARCH_PATHS = (
					"$(inherited)",
					"@executable_path/Frameworks",
				);
				PRODUCT_BUNDLE_IDENTIFIER = JG.UICollectionDemo;
				PRODUCT_NAME = "$(TARGET_NAME)";
				TARGETED_DEVICE_FAMILY = "1,2";
			};
			name = Debug;
		};
		6320C45622A7B29500D81EA8 /* Release */ = {
			isa = XCBuildConfiguration;
			buildSettings = {
				ASSETCATALOG_COMPILER_APPICON_NAME = AppIcon;
				CODE_SIGN_STYLE = Automatic;
				INFOPLIST_FILE = UICollectionDemo/Info.plist;
				LD_RUNPATH_SEARCH_PATHS = (
					"$(inherited)",
					"@executable_path/Frameworks",
				);
				PRODUCT_BUNDLE_IDENTIFIER = JG.UICollectionDemo;
				PRODUCT_NAME = "$(TARGET_NAME)";
				TARGETED_DEVICE_FAMILY = "1,2";
			};
			name = Release;
		};
		6320C45822A7B29500D81EA8 /* Debug */ = {
			isa = XCBuildConfiguration;
			buildSettings = {
				BUNDLE_LOADER = "$(TEST_HOST)";
				CODE_SIGN_STYLE = Automatic;
				INFOPLIST_FILE = UICollectionDemoTests/Info.plist;
				LD_RUNPATH_SEARCH_PATHS = (
					"$(inherited)",
					"@executable_path/Frameworks",
					"@loader_path/Frameworks",
				);
				PRODUCT_BUNDLE_IDENTIFIER = JG.UICollectionDemoTests;
				PRODUCT_NAME = "$(TARGET_NAME)";
				TARGETED_DEVICE_FAMILY = "1,2";
				TEST_HOST = "$(BUILT_PRODUCTS_DIR)/UICollectionDemo.app/UICollectionDemo";
			};
			name = Debug;
		};
		6320C45922A7B29500D81EA8 /* Release */ = {
			isa = XCBuildConfiguration;
			buildSettings = {
				BUNDLE_LOADER = "$(TEST_HOST)";
				CODE_SIGN_STYLE = Automatic;
				INFOPLIST_FILE = UICollectionDemoTests/Info.plist;
				LD_RUNPATH_SEARCH_PATHS = (
					"$(inherited)",
					"@executable_path/Frameworks",
					"@loader_path/Frameworks",
				);
				PRODUCT_BUNDLE_IDENTIFIER = JG.UICollectionDemoTests;
				PRODUCT_NAME = "$(TARGET_NAME)";
				TARGETED_DEVICE_FAMILY = "1,2";
				TEST_HOST = "$(BUILT_PRODUCTS_DIR)/UICollectionDemo.app/UICollectionDemo";
			};
			name = Release;
		};
		6320C45B22A7B29500D81EA8 /* Debug */ = {
			isa = XCBuildConfiguration;
			buildSettings = {
				CODE_SIGN_STYLE = Automatic;
				INFOPLIST_FILE = UICollectionDemoUITests/Info.plist;
				LD_RUNPATH_SEARCH_PATHS = (
					"$(inherited)",
					"@executable_path/Frameworks",
					"@loader_path/Frameworks",
				);
				PRODUCT_BUNDLE_IDENTIFIER = JG.UICollectionDemoUITests;
				PRODUCT_NAME = "$(TARGET_NAME)";
				TARGETED_DEVICE_FAMILY = "1,2";
				TEST_TARGET_NAME = UICollectionDemo;
			};
			name = Debug;
		};
		6320C45C22A7B29500D81EA8 /* Release */ = {
			isa = XCBuildConfiguration;
			buildSettings = {
				CODE_SIGN_STYLE = Automatic;
				INFOPLIST_FILE = UICollectionDemoUITests/Info.plist;
				LD_RUNPATH_SEARCH_PATHS = (
					"$(inherited)",
					"@executable_path/Frameworks",
					"@loader_path/Frameworks",
				);
				PRODUCT_BUNDLE_IDENTIFIER = JG.UICollectionDemoUITests;
				PRODUCT_NAME = "$(TARGET_NAME)";
				TARGETED_DEVICE_FAMILY = "1,2";
				TEST_TARGET_NAME = UICollectionDemo;
			};
			name = Release;
		};
/* End XCBuildConfiguration section */

/* Begin XCConfigurationList section */
		6320C42322A7B29200D81EA8 /* Build configuration list for PBXProject "UICollectionDemo" */ = {
			isa = XCConfigurationList;
			buildConfigurations = (
				6320C45222A7B29500D81EA8 /* Debug */,
				6320C45322A7B29500D81EA8 /* Release */,
			);
			defaultConfigurationIsVisible = 0;
			defaultConfigurationName = Release;
		};
		6320C45422A7B29500D81EA8 /* Build configuration list for PBXNativeTarget "UICollectionDemo" */ = {
			isa = XCConfigurationList;
			buildConfigurations = (
				6320C45522A7B29500D81EA8 /* Debug */,
				6320C45622A7B29500D81EA8 /* Release */,
			);
			defaultConfigurationIsVisible = 0;
			defaultConfigurationName = Release;
		};
		6320C45722A7B29500D81EA8 /* Build configuration list for PBXNativeTarget "UICollectionDemoTests" */ = {
			isa = XCConfigurationList;
			buildConfigurations = (
				6320C45822A7B29500D81EA8 /* Debug */,
				6320C45922A7B29500D81EA8 /* Release */,
			);
			defaultConfigurationIsVisible = 0;
			defaultConfigurationName = Release;
		};
		6320C45A22A7B29500D81EA8 /* Build configuration list for PBXNativeTarget "UICollectionDemoUITests" */ = {
			isa = XCConfigurationList;
			buildConfigurations = (
				6320C45B22A7B29500D81EA8 /* Debug */,
				6320C45C22A7B29500D81EA8 /* Release */,
			);
			defaultConfigurationIsVisible = 0;
			defaultConfigurationName = Release;
		};
/* End XCConfigurationList section */
	};
	rootObject = 6320C42022A7B29200D81EA8 /* Project object */;
}
